// !$*UTF8*$!
{
	archiveVersion = 1;
	classes = {
	};
	objectVersion = 56;
	objects = {

/* Begin PBXBuildFile section */
		8456A1CF2BD561280072A175 /* AppDelegate.swift in Sources */ = {isa = PBXBuildFile; fileRef = 8456A1CE2BD561280072A175 /* AppDelegate.swift */; };
		8456A1D12BD561280072A175 /* SceneDelegate.swift in Sources */ = {isa = PBXBuildFile; fileRef = 8456A1D02BD561280072A175 /* SceneDelegate.swift */; };
		8456A1D32BD561280072A175 /* ViewController.swift in Sources */ = {isa = PBXBuildFile; fileRef = 8456A1D22BD561280072A175 /* ViewController.swift */; };
		8456A1D62BD561280072A175 /* Main.storyboard in Resources */ = {isa = PBXBuildFile; fileRef = 8456A1D42BD561280072A175 /* Main.storyboard */; };
		8456A1D92BD561280072A175 /* AirQualityInfo.xcdatamodeld in Sources */ = {isa = PBXBuildFile; fileRef = 8456A1D72BD561280072A175 /* AirQualityInfo.xcdatamodeld */; };
		8456A1DB2BD561290072A175 /* Assets.xcassets in Resources */ = {isa = PBXBuildFile; fileRef = 8456A1DA2BD561290072A175 /* Assets.xcassets */; };
		8456A1DE2BD561290072A175 /* LaunchScreen.storyboard in Resources */ = {isa = PBXBuildFile; fileRef = 8456A1DC2BD561290072A175 /* LaunchScreen.storyboard */; };
		8456A1E92BD561290072A175 /* AirQualityInfoTests.swift in Sources */ = {isa = PBXBuildFile; fileRef = 8456A1E82BD561290072A175 /* AirQualityInfoTests.swift */; };
		8456A1F32BD561290072A175 /* AirQualityInfoUITests.swift in Sources */ = {isa = PBXBuildFile; fileRef = 8456A1F22BD561290072A175 /* AirQualityInfoUITests.swift */; };
		8456A1F52BD561290072A175 /* AirQualityInfoUITestsLaunchTests.swift in Sources */ = {isa = PBXBuildFile; fileRef = 8456A1F42BD561290072A175 /* AirQualityInfoUITestsLaunchTests.swift */; };
/* End PBXBuildFile section */

/* Begin PBXContainerItemProxy section */
		8456A1E52BD561290072A175 /* PBXContainerItemProxy */ = {
			isa = PBXContainerItemProxy;
			containerPortal = 8456A1C32BD561270072A175 /* Project object */;
			proxyType = 1;
			remoteGlobalIDString = 8456A1CA2BD561270072A175;
			remoteInfo = AirQualityInfo;
		};
		8456A1EF2BD561290072A175 /* PBXContainerItemProxy */ = {
			isa = PBXContainerItemProxy;
			containerPortal = 8456A1C32BD561270072A175 /* Project object */;
			proxyType = 1;
			remoteGlobalIDString = 8456A1CA2BD561270072A175;
			remoteInfo = AirQualityInfo;
		};
/* End PBXContainerItemProxy section */

/* Begin PBXFileReference section */
		8456A1CB2BD561270072A175 /* AirQualityInfo.app */ = {isa = PBXFileReference; explicitFileType = wrapper.application; includeInIndex = 0; path = AirQualityInfo.app; sourceTree = BUILT_PRODUCTS_DIR; };
		8456A1CE2BD561280072A175 /* AppDelegate.swift */ = {isa = PBXFileReference; lastKnownFileType = sourcecode.swift; path = AppDelegate.swift; sourceTree = "<group>"; };
		8456A1D02BD561280072A175 /* SceneDelegate.swift */ = {isa = PBXFileReference; lastKnownFileType = sourcecode.swift; path = SceneDelegate.swift; sourceTree = "<group>"; };
		8456A1D22BD561280072A175 /* ViewController.swift */ = {isa = PBXFileReference; lastKnownFileType = sourcecode.swift; path = ViewController.swift; sourceTree = "<group>"; };
		8456A1D52BD561280072A175 /* Base */ = {isa = PBXFileReference; lastKnownFileType = file.storyboard; name = Base; path = Base.lproj/Main.storyboard; sourceTree = "<group>"; };
		8456A1D82BD561280072A175 /* AirQualityInfo.xcdatamodel */ = {isa = PBXFileReference; lastKnownFileType = wrapper.xcdatamodel; path = AirQualityInfo.xcdatamodel; sourceTree = "<group>"; };
		8456A1DA2BD561290072A175 /* Assets.xcassets */ = {isa = PBXFileReference; lastKnownFileType = folder.assetcatalog; path = Assets.xcassets; sourceTree = "<group>"; };
		8456A1DD2BD561290072A175 /* Base */ = {isa = PBXFileReference; lastKnownFileType = file.storyboard; name = Base; path = Base.lproj/LaunchScreen.storyboard; sourceTree = "<group>"; };
		8456A1DF2BD561290072A175 /* Info.plist */ = {isa = PBXFileReference; lastKnownFileType = text.plist.xml; path = Info.plist; sourceTree = "<group>"; };
		8456A1E42BD561290072A175 /* AirQualityInfoTests.xctest */ = {isa = PBXFileReference; explicitFileType = wrapper.cfbundle; includeInIndex = 0; path = AirQualityInfoTests.xctest; sourceTree = BUILT_PRODUCTS_DIR; };
		8456A1E82BD561290072A175 /* AirQualityInfoTests.swift */ = {isa = PBXFileReference; lastKnownFileType = sourcecode.swift; path = AirQualityInfoTests.swift; sourceTree = "<group>"; };
		8456A1EE2BD561290072A175 /* AirQualityInfoUITests.xctest */ = {isa = PBXFileReference; explicitFileType = wrapper.cfbundle; includeInIndex = 0; path = AirQualityInfoUITests.xctest; sourceTree = BUILT_PRODUCTS_DIR; };
		8456A1F22BD561290072A175 /* AirQualityInfoUITests.swift */ = {isa = PBXFileReference; lastKnownFileType = sourcecode.swift; path = AirQualityInfoUITests.swift; sourceTree = "<group>"; };
		8456A1F42BD561290072A175 /* AirQualityInfoUITestsLaunchTests.swift */ = {isa = PBXFileReference; lastKnownFileType = sourcecode.swift; path = AirQualityInfoUITestsLaunchTests.swift; sourceTree = "<group>"; };
/* End PBXFileReference section */

/* Begin PBXFrameworksBuildPhase section */
		8456A1C82BD561270072A175 /* Frameworks */ = {
			isa = PBXFrameworksBuildPhase;
			buildActionMask = 2147483647;
			files = (
			);
			runOnlyForDeploymentPostprocessing = 0;
		};
		8456A1E12BD561290072A175 /* Frameworks */ = {
			isa = PBXFrameworksBuildPhase;
			buildActionMask = 2147483647;
			files = (
			);
			runOnlyForDeploymentPostprocessing = 0;
		};
		8456A1EB2BD561290072A175 /* Frameworks */ = {
			isa = PBXFrameworksBuildPhase;
			buildActionMask = 2147483647;
			files = (
			);
			runOnlyForDeploymentPostprocessing = 0;
		};
/* End PBXFrameworksBuildPhase section */

/* Begin PBXGroup section */
		8456A1C22BD561270072A175 = {
			isa = PBXGroup;
			children = (
				8456A1CD2BD561270072A175 /* AirQualityInfo */,
				8456A1E72BD561290072A175 /* AirQualityInfoTests */,
				8456A1F12BD561290072A175 /* AirQualityInfoUITests */,
				8456A1CC2BD561270072A175 /* Products */,
			);
			sourceTree = "<group>";
		};
		8456A1CC2BD561270072A175 /* Products */ = {
			isa = PBXGroup;
			children = (
				8456A1CB2BD561270072A175 /* AirQualityInfo.app */,
				8456A1E42BD561290072A175 /* AirQualityInfoTests.xctest */,
				8456A1EE2BD561290072A175 /* AirQualityInfoUITests.xctest */,
			);
			name = Products;
			sourceTree = "<group>";
		};
		8456A1CD2BD561270072A175 /* AirQualityInfo */ = {
			isa = PBXGroup;
			children = (
				8456A1CE2BD561280072A175 /* AppDelegate.swift */,
				8456A1D02BD561280072A175 /* SceneDelegate.swift */,
				8456A1D22BD561280072A175 /* ViewController.swift */,
				8456A1D42BD561280072A175 /* Main.storyboard */,
				8456A1DA2BD561290072A175 /* Assets.xcassets */,
				8456A1DC2BD561290072A175 /* LaunchScreen.storyboard */,
				8456A1DF2BD561290072A175 /* Info.plist */,
				8456A1D72BD561280072A175 /* AirQualityInfo.xcdatamodeld */,
			);
			path = AirQualityInfo;
			sourceTree = "<group>";
		};
		8456A1E72BD561290072A175 /* AirQualityInfoTests */ = {
			isa = PBXGroup;
			children = (
				8456A1E82BD561290072A175 /* AirQualityInfoTests.swift */,
			);
			path = AirQualityInfoTests;
			sourceTree = "<group>";
		};
		8456A1F12BD561290072A175 /* AirQualityInfoUITests */ = {
			isa = PBXGroup;
			children = (
				8456A1F22BD561290072A175 /* AirQualityInfoUITests.swift */,
				8456A1F42BD561290072A175 /* AirQualityInfoUITestsLaunchTests.swift */,
			);
			path = AirQualityInfoUITests;
			sourceTree = "<group>";
		};
/* End PBXGroup section */

/* Begin PBXNativeTarget section */
		8456A1CA2BD561270072A175 /* AirQualityInfo */ = {
			isa = PBXNativeTarget;
			buildConfigurationList = 8456A1F82BD561290072A175 /* Build configuration list for PBXNativeTarget "AirQualityInfo" */;
			buildPhases = (
				8456A1C72BD561270072A175 /* Sources */,
				8456A1C82BD561270072A175 /* Frameworks */,
				8456A1C92BD561270072A175 /* Resources */,
			);
			buildRules = (
			);
			dependencies = (
			);
			name = AirQualityInfo;
			productName = AirQualityInfo;
			productReference = 8456A1CB2BD561270072A175 /* AirQualityInfo.app */;
			productType = "com.apple.product-type.application";
		};
		8456A1E32BD561290072A175 /* AirQualityInfoTests */ = {
			isa = PBXNativeTarget;
			buildConfigurationList = 8456A1FB2BD561290072A175 /* Build configuration list for PBXNativeTarget "AirQualityInfoTests" */;
			buildPhases = (
				8456A1E02BD561290072A175 /* Sources */,
				8456A1E12BD561290072A175 /* Frameworks */,
				8456A1E22BD561290072A175 /* Resources */,
			);
			buildRules = (
			);
			dependencies = (
				8456A1E62BD561290072A175 /* PBXTargetDependency */,
			);
			name = AirQualityInfoTests;
			productName = AirQualityInfoTests;
			productReference = 8456A1E42BD561290072A175 /* AirQualityInfoTests.xctest */;
			productType = "com.apple.product-type.bundle.unit-test";
		};
		8456A1ED2BD561290072A175 /* AirQualityInfoUITests */ = {
			isa = PBXNativeTarget;
			buildConfigurationList = 8456A1FE2BD561290072A175 /* Build configuration list for PBXNativeTarget "AirQualityInfoUITests" */;
			buildPhases = (
				8456A1EA2BD561290072A175 /* Sources */,
				8456A1EB2BD561290072A175 /* Frameworks */,
				8456A1EC2BD561290072A175 /* Resources */,
			);
			buildRules = (
			);
			dependencies = (
				8456A1F02BD561290072A175 /* PBXTargetDependency */,
			);
			name = AirQualityInfoUITests;
			productName = AirQualityInfoUITests;
			productReference = 8456A1EE2BD561290072A175 /* AirQualityInfoUITests.xctest */;
			productType = "com.apple.product-type.bundle.ui-testing";
		};
/* End PBXNativeTarget section */

/* Begin PBXProject section */
		8456A1C32BD561270072A175 /* Project object */ = {
			isa = PBXProject;
			attributes = {
				BuildIndependentTargetsInParallel = 1;
				LastSwiftUpdateCheck = 1520;
				LastUpgradeCheck = 1520;
				TargetAttributes = {
					8456A1CA2BD561270072A175 = {
						CreatedOnToolsVersion = 15.2;
					};
					8456A1E32BD561290072A175 = {
						CreatedOnToolsVersion = 15.2;
						TestTargetID = 8456A1CA2BD561270072A175;
					};
					8456A1ED2BD561290072A175 = {
						CreatedOnToolsVersion = 15.2;
						TestTargetID = 8456A1CA2BD561270072A175;
					};
				};
			};
			buildConfigurationList = 8456A1C62BD561270072A175 /* Build configuration list for PBXProject "AirQualityInfo" */;
			compatibilityVersion = "Xcode 14.0";
			developmentRegion = en;
			hasScannedForEncodings = 0;
			knownRegions = (
				en,
				Base,
			);
			mainGroup = 8456A1C22BD561270072A175;
			productRefGroup = 8456A1CC2BD561270072A175 /* Products */;
			projectDirPath = "";
			projectRoot = "";
			targets = (
				8456A1CA2BD561270072A175 /* AirQualityInfo */,
				8456A1E32BD561290072A175 /* AirQualityInfoTests */,
				8456A1ED2BD561290072A175 /* AirQualityInfoUITests */,
			);
		};
/* End PBXProject section */

/* Begin PBXResourcesBuildPhase section */
		8456A1C92BD561270072A175 /* Resources */ = {
			isa = PBXResourcesBuildPhase;
			buildActionMask = 2147483647;
			files = (
				8456A1DE2BD561290072A175 /* LaunchScreen.storyboard in Resources */,
				8456A1DB2BD561290072A175 /* Assets.xcassets in Resources */,
				8456A1D62BD561280072A175 /* Main.storyboard in Resources */,
			);
			runOnlyForDeploymentPostprocessing = 0;
		};
		8456A1E22BD561290072A175 /* Resources */ = {
			isa = PBXResourcesBuildPhase;
			buildActionMask = 2147483647;
			files = (
			);
			runOnlyForDeploymentPostprocessing = 0;
		};
		8456A1EC2BD561290072A175 /* Resources */ = {
			isa = PBXResourcesBuildPhase;
			buildActionMask = 2147483647;
			files = (
			);
			runOnlyForDeploymentPostprocessing = 0;
		};
/* End PBXResourcesBuildPhase section */

/* Begin PBXSourcesBuildPhase section */
		8456A1C72BD561270072A175 /* Sources */ = {
			isa = PBXSourcesBuildPhase;
			buildActionMask = 2147483647;
			files = (
				8456A1D92BD561280072A175 /* AirQualityInfo.xcdatamodeld in Sources */,
				8456A1D32BD561280072A175 /* ViewController.swift in Sources */,
				8456A1CF2BD561280072A175 /* AppDelegate.swift in Sources */,
				8456A1D12BD561280072A175 /* SceneDelegate.swift in Sources */,
			);
			runOnlyForDeploymentPostprocessing = 0;
		};
		8456A1E02BD561290072A175 /* Sources */ = {
			isa = PBXSourcesBuildPhase;
			buildActionMask = 2147483647;
			files = (
				8456A1E92BD561290072A175 /* AirQualityInfoTests.swift in Sources */,
			);
			runOnlyForDeploymentPostprocessing = 0;
		};
		8456A1EA2BD561290072A175 /* Sources */ = {
			isa = PBXSourcesBuildPhase;
			buildActionMask = 2147483647;
			files = (
				8456A1F32BD561290072A175 /* AirQualityInfoUITests.swift in Sources */,
				8456A1F52BD561290072A175 /* AirQualityInfoUITestsLaunchTests.swift in Sources */,
			);
			runOnlyForDeploymentPostprocessing = 0;
		};
/* End PBXSourcesBuildPhase section */

/* Begin PBXTargetDependency section */
		8456A1E62BD561290072A175 /* PBXTargetDependency */ = {
			isa = PBXTargetDependency;
			target = 8456A1CA2BD561270072A175 /* AirQualityInfo */;
			targetProxy = 8456A1E52BD561290072A175 /* PBXContainerItemProxy */;
		};
		8456A1F02BD561290072A175 /* PBXTargetDependency */ = {
			isa = PBXTargetDependency;
			target = 8456A1CA2BD561270072A175 /* AirQualityInfo */;
			targetProxy = 8456A1EF2BD561290072A175 /* PBXContainerItemProxy */;
		};
/* End PBXTargetDependency section */

/* Begin PBXVariantGroup section */
		8456A1D42BD561280072A175 /* Main.storyboard */ = {
			isa = PBXVariantGroup;
			children = (
				8456A1D52BD561280072A175 /* Base */,
			);
			name = Main.storyboard;
			sourceTree = "<group>";
		};
		8456A1DC2BD561290072A175 /* LaunchScreen.storyboard */ = {
			isa = PBXVariantGroup;
			children = (
				8456A1DD2BD561290072A175 /* Base */,
			);
			name = LaunchScreen.storyboard;
			sourceTree = "<group>";
		};
/* End PBXVariantGroup section */

/* Begin XCBuildConfiguration section */
		8456A1F62BD561290072A175 /* Debug */ = {
			isa = XCBuildConfiguration;
			buildSettings = {
				ALWAYS_SEARCH_USER_PATHS = NO;
				ASSETCATALOG_COMPILER_GENERATE_SWIFT_ASSET_SYMBOL_EXTENSIONS = YES;
				CLANG_ANALYZER_NONNULL = YES;
				CLANG_ANALYZER_NUMBER_OBJECT_CONVERSION = YES_AGGRESSIVE;
				CLANG_CXX_LANGUAGE_STANDARD = "gnu++20";
				CLANG_ENABLE_MODULES = YES;
				CLANG_ENABLE_OBJC_ARC = YES;
				CLANG_ENABLE_OBJC_WEAK = YES;
				CLANG_WARN_BLOCK_CAPTURE_AUTORELEASING = YES;
				CLANG_WARN_BOOL_CONVERSION = YES;
				CLANG_WARN_COMMA = YES;
				CLANG_WARN_CONSTANT_CONVERSION = YES;
				CLANG_WARN_DEPRECATED_OBJC_IMPLEMENTATIONS = YES;
				CLANG_WARN_DIRECT_OBJC_ISA_USAGE = YES_ERROR;
				CLANG_WARN_DOCUMENTATION_COMMENTS = YES;
				CLANG_WARN_EMPTY_BODY = YES;
				CLANG_WARN_ENUM_CONVERSION = YES;
				CLANG_WARN_INFINITE_RECURSION = YES;
				CLANG_WARN_INT_CONVERSION = YES;
				CLANG_WARN_NON_LITERAL_NULL_CONVERSION = YES;
				CLANG_WARN_OBJC_IMPLICIT_RETAIN_SELF = YES;
				CLANG_WARN_OBJC_LITERAL_CONVERSION = YES;
				CLANG_WARN_OBJC_ROOT_CLASS = YES_ERROR;
				CLANG_WARN_QUOTED_INCLUDE_IN_FRAMEWORK_HEADER = YES;
				CLANG_WARN_RANGE_LOOP_ANALYSIS = YES;
				CLANG_WARN_STRICT_PROTOTYPES = YES;
				CLANG_WARN_SUSPICIOUS_MOVE = YES;
				CLANG_WARN_UNGUARDED_AVAILABILITY = YES_AGGRESSIVE;
				CLANG_WARN_UNREACHABLE_CODE = YES;
				CLANG_WARN__DUPLICATE_METHOD_MATCH = YES;
				COPY_PHASE_STRIP = NO;
				DEBUG_INFORMATION_FORMAT = dwarf;
				ENABLE_STRICT_OBJC_MSGSEND = YES;
				ENABLE_TESTABILITY = YES;
				ENABLE_USER_SCRIPT_SANDBOXING = YES;
				GCC_C_LANGUAGE_STANDARD = gnu17;
				GCC_DYNAMIC_NO_PIC = NO;
				GCC_NO_COMMON_BLOCKS = YES;
				GCC_OPTIMIZATION_LEVEL = 0;
				GCC_PREPROCESSOR_DEFINITIONS = (
					"DEBUG=1",
					"$(inherited)",
				);
				GCC_WARN_64_TO_32_BIT_CONVERSION = YES;
				GCC_WARN_ABOUT_RETURN_TYPE = YES_ERROR;
				GCC_WARN_UNDECLARED_SELECTOR = YES;
				GCC_WARN_UNINITIALIZED_AUTOS = YES_AGGRESSIVE;
				GCC_WARN_UNUSED_FUNCTION = YES;
				GCC_WARN_UNUSED_VARIABLE = YES;
				IPHONEOS_DEPLOYMENT_TARGET = 17.2;
				LOCALIZATION_PREFERS_STRING_CATALOGS = YES;
				MTL_ENABLE_DEBUG_INFO = INCLUDE_SOURCE;
				MTL_FAST_MATH = YES;
				ONLY_ACTIVE_ARCH = YES;
				SDKROOT = iphoneos;
				SWIFT_ACTIVE_COMPILATION_CONDITIONS = "DEBUG $(inherited)";
				SWIFT_OPTIMIZATION_LEVEL = "-Onone";
			};
			name = Debug;
		};
		8456A1F72BD561290072A175 /* Release */ = {
			isa = XCBuildConfiguration;
			buildSettings = {
				ALWAYS_SEARCH_USER_PATHS = NO;
				ASSETCATALOG_COMPILER_GENERATE_SWIFT_ASSET_SYMBOL_EXTENSIONS = YES;
				CLANG_ANALYZER_NONNULL = YES;
				CLANG_ANALYZER_NUMBER_OBJECT_CONVERSION = YES_AGGRESSIVE;
				CLANG_CXX_LANGUAGE_STANDARD = "gnu++20";
				CLANG_ENABLE_MODULES = YES;
				CLANG_ENABLE_OBJC_ARC = YES;
				CLANG_ENABLE_OBJC_WEAK = YES;
				CLANG_WARN_BLOCK_CAPTURE_AUTORELEASING = YES;
				CLANG_WARN_BOOL_CONVERSION = YES;
				CLANG_WARN_COMMA = YES;
				CLANG_WARN_CONSTANT_CONVERSION = YES;
				CLANG_WARN_DEPRECATED_OBJC_IMPLEMENTATIONS = YES;
				CLANG_WARN_DIRECT_OBJC_ISA_USAGE = YES_ERROR;
				CLANG_WARN_DOCUMENTATION_COMMENTS = YES;
				CLANG_WARN_EMPTY_BODY = YES;
				CLANG_WARN_ENUM_CONVERSION = YES;
				CLANG_WARN_INFINITE_RECURSION = YES;
				CLANG_WARN_INT_CONVERSION = YES;
				CLANG_WARN_NON_LITERAL_NULL_CONVERSION = YES;
				CLANG_WARN_OBJC_IMPLICIT_RETAIN_SELF = YES;
				CLANG_WARN_OBJC_LITERAL_CONVERSION = YES;
				CLANG_WARN_OBJC_ROOT_CLASS = YES_ERROR;
				CLANG_WARN_QUOTED_INCLUDE_IN_FRAMEWORK_HEADER = YES;
				CLANG_WARN_RANGE_LOOP_ANALYSIS = YES;
				CLANG_WARN_STRICT_PROTOTYPES = YES;
				CLANG_WARN_SUSPICIOUS_MOVE = YES;
				CLANG_WARN_UNGUARDED_AVAILABILITY = YES_AGGRESSIVE;
				CLANG_WARN_UNREACHABLE_CODE = YES;
				CLANG_WARN__DUPLICATE_METHOD_MATCH = YES;
				COPY_PHASE_STRIP = NO;
				DEBUG_INFORMATION_FORMAT = "dwarf-with-dsym";
				ENABLE_NS_ASSERTIONS = NO;
				ENABLE_STRICT_OBJC_MSGSEND = YES;
				ENABLE_USER_SCRIPT_SANDBOXING = YES;
				GCC_C_LANGUAGE_STANDARD = gnu17;
				GCC_NO_COMMON_BLOCKS = YES;
				GCC_WARN_64_TO_32_BIT_CONVERSION = YES;
				GCC_WARN_ABOUT_RETURN_TYPE = YES_ERROR;
				GCC_WARN_UNDECLARED_SELECTOR = YES;
				GCC_WARN_UNINITIALIZED_AUTOS = YES_AGGRESSIVE;
				GCC_WARN_UNUSED_FUNCTION = YES;
				GCC_WARN_UNUSED_VARIABLE = YES;
				IPHONEOS_DEPLOYMENT_TARGET = 17.2;
				LOCALIZATION_PREFERS_STRING_CATALOGS = YES;
				MTL_ENABLE_DEBUG_INFO = NO;
				MTL_FAST_MATH = YES;
				SDKROOT = iphoneos;
				SWIFT_COMPILATION_MODE = wholemodule;
				VALIDATE_PRODUCT = YES;
			};
			name = Release;
		};
		8456A1F92BD561290072A175 /* Debug */ = {
			isa = XCBuildConfiguration;
			buildSettings = {
				ASSETCATALOG_COMPILER_APPICON_NAME = AppIcon;
				ASSETCATALOG_COMPILER_GLOBAL_ACCENT_COLOR_NAME = AccentColor;
				CODE_SIGN_STYLE = Automatic;
				CURRENT_PROJECT_VERSION = 1;
				DEVELOPMENT_TEAM = BB77277Y6X;
				GENERATE_INFOPLIST_FILE = YES;
				INFOPLIST_FILE = AirQualityInfo/Info.plist;
				INFOPLIST_KEY_UIApplicationSupportsIndirectInputEvents = YES;
				INFOPLIST_KEY_UILaunchStoryboardName = LaunchScreen;
				INFOPLIST_KEY_UIMainStoryboardFile = Main;
				INFOPLIST_KEY_UISupportedInterfaceOrientations_iPad = "UIInterfaceOrientationPortrait UIInterfaceOrientationPortraitUpsideDown UIInterfaceOrientationLandscapeLeft UIInterfaceOrientationLandscapeRight";
				INFOPLIST_KEY_UISupportedInterfaceOrientations_iPhone = "UIInterfaceOrientationPortrait UIInterfaceOrientationLandscapeLeft UIInterfaceOrientationLandscapeRight";
				LD_RUNPATH_SEARCH_PATHS = (
					"$(inherited)",
					"@executable_path/Frameworks",
				);
				MARKETING_VERSION = 1.0;
				PRODUCT_BUNDLE_IDENTIFIER = com.self.AirQualityInfo;
				PRODUCT_NAME = "$(TARGET_NAME)";
				SWIFT_EMIT_LOC_STRINGS = YES;
				SWIFT_VERSION = 5.0;
				TARGETED_DEVICE_FAMILY = "1,2";
			};
			name = Debug;
		};
		8456A1FA2BD561290072A175 /* Release */ = {
			isa = XCBuildConfiguration;
			buildSettings = {
				ASSETCATALOG_COMPILER_APPICON_NAME = AppIcon;
				ASSETCATALOG_COMPILER_GLOBAL_ACCENT_COLOR_NAME = AccentColor;
				CODE_SIGN_STYLE = Automatic;
				CURRENT_PROJECT_VERSION = 1;
				DEVELOPMENT_TEAM = BB77277Y6X;
				GENERATE_INFOPLIST_FILE = YES;
				INFOPLIST_FILE = AirQualityInfo/Info.plist;
				INFOPLIST_KEY_UIApplicationSupportsIndirectInputEvents = YES;
				INFOPLIST_KEY_UILaunchStoryboardName = LaunchScreen;
				INFOPLIST_KEY_UIMainStoryboardFile = Main;
				INFOPLIST_KEY_UISupportedInterfaceOrientations_iPad = "UIInterfaceOrientationPortrait UIInterfaceOrientationPortraitUpsideDown UIInterfaceOrientationLandscapeLeft UIInterfaceOrientationLandscapeRight";
				INFOPLIST_KEY_UISupportedInterfaceOrientations_iPhone = "UIInterfaceOrientationPortrait UIInterfaceOrientationLandscapeLeft UIInterfaceOrientationLandscapeRight";
				LD_RUNPATH_SEARCH_PATHS = (
					"$(inherited)",
					"@executable_path/Frameworks",
				);
				MARKETING_VERSION = 1.0;
				PRODUCT_BUNDLE_IDENTIFIER = com.self.AirQualityInfo;
				PRODUCT_NAME = "$(TARGET_NAME)";
				SWIFT_EMIT_LOC_STRINGS = YES;
				SWIFT_VERSION = 5.0;
				TARGETED_DEVICE_FAMILY = "1,2";
			};
			name = Release;
		};
		8456A1FC2BD561290072A175 /* Debug */ = {
			isa = XCBuildConfiguration;
			buildSettings = {
				ALWAYS_EMBED_SWIFT_STANDARD_LIBRARIES = YES;
				BUNDLE_LOADER = "$(TEST_HOST)";
				CODE_SIGN_STYLE = Automatic;
				CURRENT_PROJECT_VERSION = 1;
				DEVELOPMENT_TEAM = BB77277Y6X;
				GENERATE_INFOPLIST_FILE = YES;
				IPHONEOS_DEPLOYMENT_TARGET = 17.2;
				MARKETING_VERSION = 1.0;
				PRODUCT_BUNDLE_IDENTIFIER = com.self.AirQualityInfoTests;
				PRODUCT_NAME = "$(TARGET_NAME)";
				SWIFT_EMIT_LOC_STRINGS = NO;
				SWIFT_VERSION = 5.0;
				TARGETED_DEVICE_FAMILY = "1,2";
				TEST_HOST = "$(BUILT_PRODUCTS_DIR)/AirQualityInfo.app/$(BUNDLE_EXECUTABLE_FOLDER_PATH)/AirQualityInfo";
			};
			name = Debug;
		};
		8456A1FD2BD561290072A175 /* Release */ = {
			isa = XCBuildConfiguration;
			buildSettings = {
				ALWAYS_EMBED_SWIFT_STANDARD_LIBRARIES = YES;
				BUNDLE_LOADER = "$(TEST_HOST)";
				CODE_SIGN_STYLE = Automatic;
				CURRENT_PROJECT_VERSION = 1;
				DEVELOPMENT_TEAM = BB77277Y6X;
				GENERATE_INFOPLIST_FILE = YES;
				IPHONEOS_DEPLOYMENT_TARGET = 17.2;
				MARKETING_VERSION = 1.0;
				PRODUCT_BUNDLE_IDENTIFIER = com.self.AirQualityInfoTests;
				PRODUCT_NAME = "$(TARGET_NAME)";
				SWIFT_EMIT_LOC_STRINGS = NO;
				SWIFT_VERSION = 5.0;
				TARGETED_DEVICE_FAMILY = "1,2";
				TEST_HOST = "$(BUILT_PRODUCTS_DIR)/AirQualityInfo.app/$(BUNDLE_EXECUTABLE_FOLDER_PATH)/AirQualityInfo";
			};
			name = Release;
		};
		8456A1FF2BD561290072A175 /* Debug */ = {
			isa = XCBuildConfiguration;
			buildSettings = {
				ALWAYS_EMBED_SWIFT_STANDARD_LIBRARIES = YES;
				CODE_SIGN_STYLE = Automatic;
				CURRENT_PROJECT_VERSION = 1;
				DEVELOPMENT_TEAM = BB77277Y6X;
				GENERATE_INFOPLIST_FILE = YES;
				MARKETING_VERSION = 1.0;
				PRODUCT_BUNDLE_IDENTIFIER = com.self.AirQualityInfoUITests;
				PRODUCT_NAME = "$(TARGET_NAME)";
				SWIFT_EMIT_LOC_STRINGS = NO;
				SWIFT_VERSION = 5.0;
				TARGETED_DEVICE_FAMILY = "1,2";
				TEST_TARGET_NAME = AirQualityInfo;
			};
			name = Debug;
		};
		8456A2002BD561290072A175 /* Release */ = {
			isa = XCBuildConfiguration;
			buildSettings = {
				ALWAYS_EMBED_SWIFT_STANDARD_LIBRARIES = YES;
				CODE_SIGN_STYLE = Automatic;
				CURRENT_PROJECT_VERSION = 1;
				DEVELOPMENT_TEAM = BB77277Y6X;
				GENERATE_INFOPLIST_FILE = YES;
				MARKETING_VERSION = 1.0;
				PRODUCT_BUNDLE_IDENTIFIER = com.self.AirQualityInfoUITests;
				PRODUCT_NAME = "$(TARGET_NAME)";
				SWIFT_EMIT_LOC_STRINGS = NO;
				SWIFT_VERSION = 5.0;
				TARGETED_DEVICE_FAMILY = "1,2";
				TEST_TARGET_NAME = AirQualityInfo;
			};
			name = Release;
		};
/* End XCBuildConfiguration section */

/* Begin XCConfigurationList section */
		8456A1C62BD561270072A175 /* Build configuration list for PBXProject "AirQualityInfo" */ = {
			isa = XCConfigurationList;
			buildConfigurations = (
				8456A1F62BD561290072A175 /* Debug */,
				8456A1F72BD561290072A175 /* Release */,
			);
			defaultConfigurationIsVisible = 0;
			defaultConfigurationName = Release;
		};
		8456A1F82BD561290072A175 /* Build configuration list for PBXNativeTarget "AirQualityInfo" */ = {
			isa = XCConfigurationList;
			buildConfigurations = (
				8456A1F92BD561290072A175 /* Debug */,
				8456A1FA2BD561290072A175 /* Release */,
			);
			defaultConfigurationIsVisible = 0;
			defaultConfigurationName = Release;
		};
		8456A1FB2BD561290072A175 /* Build configuration list for PBXNativeTarget "AirQualityInfoTests" */ = {
			isa = XCConfigurationList;
			buildConfigurations = (
				8456A1FC2BD561290072A175 /* Debug */,
				8456A1FD2BD561290072A175 /* Release */,
			);
			defaultConfigurationIsVisible = 0;
			defaultConfigurationName = Release;
		};
		8456A1FE2BD561290072A175 /* Build configuration list for PBXNativeTarget "AirQualityInfoUITests" */ = {
			isa = XCConfigurationList;
			buildConfigurations = (
				8456A1FF2BD561290072A175 /* Debug */,
				8456A2002BD561290072A175 /* Release */,
			);
			defaultConfigurationIsVisible = 0;
			defaultConfigurationName = Release;
		};
/* End XCConfigurationList section */

/* Begin XCVersionGroup section */
		8456A1D72BD561280072A175 /* AirQualityInfo.xcdatamodeld */ = {
			isa = XCVersionGroup;
			children = (
				8456A1D82BD561280072A175 /* AirQualityInfo.xcdatamodel */,
			);
			currentVersion = 8456A1D82BD561280072A175 /* AirQualityInfo.xcdatamodel */;
			path = AirQualityInfo.xcdatamodeld;
			sourceTree = "<group>";
			versionGroupType = wrapper.xcdatamodel;
		};
/* End XCVersionGroup section */
	};
	rootObject = 8456A1C32BD561270072A175 /* Project object */;
}
